
Microsoft Visual Studio Solution File, Format Version 12.00
# Visual Studio Version 16
VisualStudioVersion = 16.0.32228.343
MinimumVisualStudioVersion = 10.0.40219.1
Project("{FAE04EC0-301F-11D3-BF4B-00C04F79EFBC}") = "Online Commercial Authomation", "Online Commercial Authomation\Online Commercial Authomation.csproj", "{3BC63365-7E3D-44DD-9064-E9AC739FA1C2}"
EndProject
Global
	GlobalSection(SolutionConfigurationPlatforms) = preSolution
		Debug|Any CPU = Debug|Any CPU
		Release|Any CPU = Release|Any CPU
	EndGlobalSection
	GlobalSection(ProjectConfigurationPlatforms) = postSolution
		{3BC63365-7E3D-44DD-9064-E9AC739FA1C2}.Debug|Any CPU.ActiveCfg = Debug|Any CPU
		{3BC63365-7E3D-44DD-9064-E9AC739FA1C2}.Debug|Any CPU.Build.0 = Debug|Any CPU
		{3BC63365-7E3D-44DD-9064-E9AC739FA1C2}.Release|Any CPU.ActiveCfg = Release|Any CPU
		{3BC63365-7E3D-44DD-9064-E9AC739FA1C2}.Release|Any CPU.Build.0 = Release|Any CPU
	EndGlobalSection
	GlobalSection(SolutionProperties) = preSolution
		HideSolutionNode = FALSE
	EndGlobalSection
	GlobalSection(ExtensibilityGlobals) = postSolution
		SolutionGuid = {650E3CA2-D897-4315-8538-9369DE89AB30}
	EndGlobalSection
EndGlobal
